<?xml version="1.0" encoding="UTF-8"?>
<CodeBlocks_project_file>
	<FileVersion major="1" minor="6"/>
	<Project>
		<Option title="go_parser"/>
		<Option makefile_is_custom="1"/>
		<Option compiler="gcc"/>
		<Option virtualFolders="CMake Files\;CMake Files\..\;CMake Files\..\..\;CMake Files\..\..\..\;CMake Files\..\..\..\..\;CMake Files\..\..\..\..\..\;CMake Files\..\..\..\..\..\..\;CMake Files\..\..\..\..\..\..\usr\;CMake Files\..\..\..\..\..\..\usr\lib\;CMake Files\..\..\..\..\..\..\usr\lib\llvm-6.0\;CMake Files\..\..\..\..\..\..\usr\lib\llvm-6.0\cmake\;CMake Files\..\..\..\..\..\..\usr\lib\llvm-6.0\lib\;CMake Files\..\..\..\..\..\..\usr\lib\llvm-6.0\lib\cmake\;CMake Files\..\..\..\..\..\..\usr\lib\llvm-6.0\lib\cmake\llvm\;"/>
		<Build>
			<Target title="all">
				<Option working_dir="/home/gros/studia/eaiib_3b/kompilatory/go_parser"/>
				<Option type="4"/>
				<MakeCommands>
					<Build command="/usr/bin/make -j2 -f &quot;/home/gros/studia/eaiib_3b/kompilatory/go_parser/Makefile&quot;  VERBOSE=1 all"/>
					<CompileFile command="/usr/bin/make -j2 -f &quot;/home/gros/studia/eaiib_3b/kompilatory/go_parser/Makefile&quot;  VERBOSE=1 &quot;$file&quot;"/>
					<Clean command="/usr/bin/make -j2 -f &quot;/home/gros/studia/eaiib_3b/kompilatory/go_parser/Makefile&quot;  VERBOSE=1 clean"/>
					<DistClean command="/usr/bin/make -j2 -f &quot;/home/gros/studia/eaiib_3b/kompilatory/go_parser/Makefile&quot;  VERBOSE=1 clean"/>
				</MakeCommands>
			</Target>
			<Target title="edit_cache">
				<Option working_dir="/home/gros/studia/eaiib_3b/kompilatory/go_parser"/>
				<Option type="4"/>
				<MakeCommands>
					<Build command="/usr/bin/make -j2 -f &quot;/home/gros/studia/eaiib_3b/kompilatory/go_parser/Makefile&quot;  VERBOSE=1 edit_cache"/>
					<CompileFile command="/usr/bin/make -j2 -f &quot;/home/gros/studia/eaiib_3b/kompilatory/go_parser/Makefile&quot;  VERBOSE=1 &quot;$file&quot;"/>
					<Clean command="/usr/bin/make -j2 -f &quot;/home/gros/studia/eaiib_3b/kompilatory/go_parser/Makefile&quot;  VERBOSE=1 clean"/>
					<DistClean command="/usr/bin/make -j2 -f &quot;/home/gros/studia/eaiib_3b/kompilatory/go_parser/Makefile&quot;  VERBOSE=1 clean"/>
				</MakeCommands>
			</Target>
			<Target title="testing">
				<Option output="/home/gros/studia/eaiib_3b/kompilatory/go_parser/testing" prefix_auto="0" extension_auto="0"/>
				<Option working_dir="/home/gros/studia/eaiib_3b/kompilatory/go_parser"/>
				<Option object_output="./"/>
				<Option type="1"/>
				<Option compiler="gcc"/>
				<Compiler>
					<Add directory="/home/gros/studia/eaiib_3b/kompilatory/go_parser/antlr_runtime_unix/include/antlr4-runtime"/>
					<Add directory="/home/gros/studia/eaiib_3b/kompilatory/go_parser/antlr_runtime_unix/include/antlr4-runtime/misc"/>
					<Add directory="/home/gros/studia/eaiib_3b/kompilatory/go_parser/antlr_runtime_unix/include/antlr4-runtime/atn"/>
					<Add directory="/home/gros/studia/eaiib_3b/kompilatory/go_parser/antlr_runtime_unix/include/antlr4-runtime/dfa"/>
					<Add directory="/home/gros/studia/eaiib_3b/kompilatory/go_parser/antlr_runtime_unix/include/antlr4-runtime/tree"/>
					<Add directory="/home/gros/studia/eaiib_3b/kompilatory/go_parser/antlr_runtime_unix/include/antlr4-runtime/support"/>
					<Add directory="/home/gros/studia/eaiib_3b/kompilatory/go_parser/src/generated"/>
					<Add directory="/usr/lib/llvm-6.0/include"/>
					<Add directory="/usr/lib/gcc/x86_64-linux-gnu/6/include"/>
					<Add directory="/usr/local/include"/>
					<Add directory="/usr/lib/gcc/x86_64-linux-gnu/6/include-fixed"/>
					<Add directory="/usr/include/x86_64-linux-gnu"/>
					<Add directory="/usr/include"/>
					<Add directory="/usr/include/c++/6"/>
					<Add directory="/usr/include/x86_64-linux-gnu/c++/6"/>
					<Add directory="/usr/include/c++/6/backward"/>
				</Compiler>
				<MakeCommands>
					<Build command="/usr/bin/make -j2 -f &quot;/home/gros/studia/eaiib_3b/kompilatory/go_parser/Makefile&quot;  VERBOSE=1 testing"/>
					<CompileFile command="/usr/bin/make -j2 -f &quot;/home/gros/studia/eaiib_3b/kompilatory/go_parser/Makefile&quot;  VERBOSE=1 &quot;$file&quot;"/>
					<Clean command="/usr/bin/make -j2 -f &quot;/home/gros/studia/eaiib_3b/kompilatory/go_parser/Makefile&quot;  VERBOSE=1 clean"/>
					<DistClean command="/usr/bin/make -j2 -f &quot;/home/gros/studia/eaiib_3b/kompilatory/go_parser/Makefile&quot;  VERBOSE=1 clean"/>
				</MakeCommands>
			</Target>
			<Target title="testing/fast">
				<Option output="/home/gros/studia/eaiib_3b/kompilatory/go_parser/testing" prefix_auto="0" extension_auto="0"/>
				<Option working_dir="/home/gros/studia/eaiib_3b/kompilatory/go_parser"/>
				<Option object_output="./"/>
				<Option type="1"/>
				<Option compiler="gcc"/>
				<Compiler>
					<Add directory="/home/gros/studia/eaiib_3b/kompilatory/go_parser/antlr_runtime_unix/include/antlr4-runtime"/>
					<Add directory="/home/gros/studia/eaiib_3b/kompilatory/go_parser/antlr_runtime_unix/include/antlr4-runtime/misc"/>
					<Add directory="/home/gros/studia/eaiib_3b/kompilatory/go_parser/antlr_runtime_unix/include/antlr4-runtime/atn"/>
					<Add directory="/home/gros/studia/eaiib_3b/kompilatory/go_parser/antlr_runtime_unix/include/antlr4-runtime/dfa"/>
					<Add directory="/home/gros/studia/eaiib_3b/kompilatory/go_parser/antlr_runtime_unix/include/antlr4-runtime/tree"/>
					<Add directory="/home/gros/studia/eaiib_3b/kompilatory/go_parser/antlr_runtime_unix/include/antlr4-runtime/support"/>
					<Add directory="/home/gros/studia/eaiib_3b/kompilatory/go_parser/src/generated"/>
					<Add directory="/usr/lib/llvm-6.0/include"/>
					<Add directory="/usr/lib/gcc/x86_64-linux-gnu/6/include"/>
					<Add directory="/usr/local/include"/>
					<Add directory="/usr/lib/gcc/x86_64-linux-gnu/6/include-fixed"/>
					<Add directory="/usr/include/x86_64-linux-gnu"/>
					<Add directory="/usr/include"/>
					<Add directory="/usr/include/c++/6"/>
					<Add directory="/usr/include/x86_64-linux-gnu/c++/6"/>
					<Add directory="/usr/include/c++/6/backward"/>
				</Compiler>
				<MakeCommands>
					<Build command="/usr/bin/make -j2 -f &quot;/home/gros/studia/eaiib_3b/kompilatory/go_parser/Makefile&quot;  VERBOSE=1 testing/fast"/>
					<CompileFile command="/usr/bin/make -j2 -f &quot;/home/gros/studia/eaiib_3b/kompilatory/go_parser/Makefile&quot;  VERBOSE=1 &quot;$file&quot;"/>
					<Clean command="/usr/bin/make -j2 -f &quot;/home/gros/studia/eaiib_3b/kompilatory/go_parser/Makefile&quot;  VERBOSE=1 clean"/>
					<DistClean command="/usr/bin/make -j2 -f &quot;/home/gros/studia/eaiib_3b/kompilatory/go_parser/Makefile&quot;  VERBOSE=1 clean"/>
				</MakeCommands>
			</Target>
			<Target title="rebuild_cache">
				<Option working_dir="/home/gros/studia/eaiib_3b/kompilatory/go_parser"/>
				<Option type="4"/>
				<MakeCommands>
					<Build command="/usr/bin/make -j2 -f &quot;/home/gros/studia/eaiib_3b/kompilatory/go_parser/Makefile&quot;  VERBOSE=1 rebuild_cache"/>
					<CompileFile command="/usr/bin/make -j2 -f &quot;/home/gros/studia/eaiib_3b/kompilatory/go_parser/Makefile&quot;  VERBOSE=1 &quot;$file&quot;"/>
					<Clean command="/usr/bin/make -j2 -f &quot;/home/gros/studia/eaiib_3b/kompilatory/go_parser/Makefile&quot;  VERBOSE=1 clean"/>
					<DistClean command="/usr/bin/make -j2 -f &quot;/home/gros/studia/eaiib_3b/kompilatory/go_parser/Makefile&quot;  VERBOSE=1 clean"/>
				</MakeCommands>
			</Target>
			<Target title="intrinsics_gen">
				<Option working_dir="/home/gros/studia/eaiib_3b/kompilatory/go_parser"/>
				<Option type="4"/>
				<MakeCommands>
					<Build command="/usr/bin/make -j2 -f &quot;/home/gros/studia/eaiib_3b/kompilatory/go_parser/Makefile&quot;  VERBOSE=1 intrinsics_gen"/>
					<CompileFile command="/usr/bin/make -j2 -f &quot;/home/gros/studia/eaiib_3b/kompilatory/go_parser/Makefile&quot;  VERBOSE=1 &quot;$file&quot;"/>
					<Clean command="/usr/bin/make -j2 -f &quot;/home/gros/studia/eaiib_3b/kompilatory/go_parser/Makefile&quot;  VERBOSE=1 clean"/>
					<DistClean command="/usr/bin/make -j2 -f &quot;/home/gros/studia/eaiib_3b/kompilatory/go_parser/Makefile&quot;  VERBOSE=1 clean"/>
				</MakeCommands>
			</Target>
			<Target title="go_parser">
				<Option output="/home/gros/studia/eaiib_3b/kompilatory/go_parser/go_parser" prefix_auto="0" extension_auto="0"/>
				<Option working_dir="/home/gros/studia/eaiib_3b/kompilatory/go_parser"/>
				<Option object_output="./"/>
				<Option type="1"/>
				<Option compiler="gcc"/>
				<Compiler>
					<Add directory="/home/gros/studia/eaiib_3b/kompilatory/go_parser/antlr_runtime_unix/include/antlr4-runtime"/>
					<Add directory="/home/gros/studia/eaiib_3b/kompilatory/go_parser/antlr_runtime_unix/include/antlr4-runtime/misc"/>
					<Add directory="/home/gros/studia/eaiib_3b/kompilatory/go_parser/antlr_runtime_unix/include/antlr4-runtime/atn"/>
					<Add directory="/home/gros/studia/eaiib_3b/kompilatory/go_parser/antlr_runtime_unix/include/antlr4-runtime/dfa"/>
					<Add directory="/home/gros/studia/eaiib_3b/kompilatory/go_parser/antlr_runtime_unix/include/antlr4-runtime/tree"/>
					<Add directory="/home/gros/studia/eaiib_3b/kompilatory/go_parser/antlr_runtime_unix/include/antlr4-runtime/support"/>
					<Add directory="/home/gros/studia/eaiib_3b/kompilatory/go_parser/src/generated"/>
					<Add directory="/usr/lib/llvm-6.0/include"/>
					<Add directory="/usr/lib/gcc/x86_64-linux-gnu/6/include"/>
					<Add directory="/usr/local/include"/>
					<Add directory="/usr/lib/gcc/x86_64-linux-gnu/6/include-fixed"/>
					<Add directory="/usr/include/x86_64-linux-gnu"/>
					<Add directory="/usr/include"/>
					<Add directory="/usr/include/c++/6"/>
					<Add directory="/usr/include/x86_64-linux-gnu/c++/6"/>
					<Add directory="/usr/include/c++/6/backward"/>
				</Compiler>
				<MakeCommands>
					<Build command="/usr/bin/make -j2 -f &quot;/home/gros/studia/eaiib_3b/kompilatory/go_parser/Makefile&quot;  VERBOSE=1 go_parser"/>
					<CompileFile command="/usr/bin/make -j2 -f &quot;/home/gros/studia/eaiib_3b/kompilatory/go_parser/Makefile&quot;  VERBOSE=1 &quot;$file&quot;"/>
					<Clean command="/usr/bin/make -j2 -f &quot;/home/gros/studia/eaiib_3b/kompilatory/go_parser/Makefile&quot;  VERBOSE=1 clean"/>
					<DistClean command="/usr/bin/make -j2 -f &quot;/home/gros/studia/eaiib_3b/kompilatory/go_parser/Makefile&quot;  VERBOSE=1 clean"/>
				</MakeCommands>
			</Target>
			<Target title="go_parser/fast">
				<Option output="/home/gros/studia/eaiib_3b/kompilatory/go_parser/go_parser" prefix_auto="0" extension_auto="0"/>
				<Option working_dir="/home/gros/studia/eaiib_3b/kompilatory/go_parser"/>
				<Option object_output="./"/>
				<Option type="1"/>
				<Option compiler="gcc"/>
				<Compiler>
					<Add directory="/home/gros/studia/eaiib_3b/kompilatory/go_parser/antlr_runtime_unix/include/antlr4-runtime"/>
					<Add directory="/home/gros/studia/eaiib_3b/kompilatory/go_parser/antlr_runtime_unix/include/antlr4-runtime/misc"/>
					<Add directory="/home/gros/studia/eaiib_3b/kompilatory/go_parser/antlr_runtime_unix/include/antlr4-runtime/atn"/>
					<Add directory="/home/gros/studia/eaiib_3b/kompilatory/go_parser/antlr_runtime_unix/include/antlr4-runtime/dfa"/>
					<Add directory="/home/gros/studia/eaiib_3b/kompilatory/go_parser/antlr_runtime_unix/include/antlr4-runtime/tree"/>
					<Add directory="/home/gros/studia/eaiib_3b/kompilatory/go_parser/antlr_runtime_unix/include/antlr4-runtime/support"/>
					<Add directory="/home/gros/studia/eaiib_3b/kompilatory/go_parser/src/generated"/>
					<Add directory="/usr/lib/llvm-6.0/include"/>
					<Add directory="/usr/lib/gcc/x86_64-linux-gnu/6/include"/>
					<Add directory="/usr/local/include"/>
					<Add directory="/usr/lib/gcc/x86_64-linux-gnu/6/include-fixed"/>
					<Add directory="/usr/include/x86_64-linux-gnu"/>
					<Add directory="/usr/include"/>
					<Add directory="/usr/include/c++/6"/>
					<Add directory="/usr/include/x86_64-linux-gnu/c++/6"/>
					<Add directory="/usr/include/c++/6/backward"/>
				</Compiler>
				<MakeCommands>
					<Build command="/usr/bin/make -j2 -f &quot;/home/gros/studia/eaiib_3b/kompilatory/go_parser/Makefile&quot;  VERBOSE=1 go_parser/fast"/>
					<CompileFile command="/usr/bin/make -j2 -f &quot;/home/gros/studia/eaiib_3b/kompilatory/go_parser/Makefile&quot;  VERBOSE=1 &quot;$file&quot;"/>
					<Clean command="/usr/bin/make -j2 -f &quot;/home/gros/studia/eaiib_3b/kompilatory/go_parser/Makefile&quot;  VERBOSE=1 clean"/>
					<DistClean command="/usr/bin/make -j2 -f &quot;/home/gros/studia/eaiib_3b/kompilatory/go_parser/Makefile&quot;  VERBOSE=1 clean"/>
				</MakeCommands>
			</Target>
			<Target title="GenerateParser">
				<Option working_dir="/home/gros/studia/eaiib_3b/kompilatory/go_parser"/>
				<Option type="4"/>
				<MakeCommands>
					<Build command="/usr/bin/make -j2 -f &quot;/home/gros/studia/eaiib_3b/kompilatory/go_parser/Makefile&quot;  VERBOSE=1 GenerateParser"/>
					<CompileFile command="/usr/bin/make -j2 -f &quot;/home/gros/studia/eaiib_3b/kompilatory/go_parser/Makefile&quot;  VERBOSE=1 &quot;$file&quot;"/>
					<Clean command="/usr/bin/make -j2 -f &quot;/home/gros/studia/eaiib_3b/kompilatory/go_parser/Makefile&quot;  VERBOSE=1 clean"/>
					<DistClean command="/usr/bin/make -j2 -f &quot;/home/gros/studia/eaiib_3b/kompilatory/go_parser/Makefile&quot;  VERBOSE=1 clean"/>
				</MakeCommands>
			</Target>
		</Build>
		<Unit filename="/home/gros/studia/eaiib_3b/kompilatory/go_parser/src/Helpers.cpp">
			<Option target="go_parser"/>
		</Unit>
		<Unit filename="/home/gros/studia/eaiib_3b/kompilatory/go_parser/src/Helpers.h">
			<Option target="go_parser"/>
		</Unit>
		<Unit filename="/home/gros/studia/eaiib_3b/kompilatory/go_parser/src/exceptions/Go2LLVMError.cpp">
			<Option target="go_parser"/>
		</Unit>
		<Unit filename="/home/gros/studia/eaiib_3b/kompilatory/go_parser/src/exceptions/Go2LLVMError.h">
			<Option target="go_parser"/>
		</Unit>
		<Unit filename="/home/gros/studia/eaiib_3b/kompilatory/go_parser/src/exceptions/Go2LLVMWarning.cpp">
			<Option target="go_parser"/>
		</Unit>
		<Unit filename="/home/gros/studia/eaiib_3b/kompilatory/go_parser/src/exceptions/Go2LLVMWarning.h">
			<Option target="go_parser"/>
		</Unit>
		<Unit filename="/home/gros/studia/eaiib_3b/kompilatory/go_parser/src/go_parser.cpp">
			<Option target="go_parser"/>
		</Unit>
		<Unit filename="/home/gros/studia/eaiib_3b/kompilatory/go_parser/src/variables/BasicVar.cpp">
			<Option target="go_parser"/>
		</Unit>
		<Unit filename="/home/gros/studia/eaiib_3b/kompilatory/go_parser/src/variables/BasicVar.h">
			<Option target="go_parser"/>
		</Unit>
		<Unit filename="/home/gros/studia/eaiib_3b/kompilatory/go_parser/src/variables/BoolVar.cpp">
			<Option target="go_parser"/>
		</Unit>
		<Unit filename="/home/gros/studia/eaiib_3b/kompilatory/go_parser/src/variables/BoolVar.h">
			<Option target="go_parser"/>
		</Unit>
		<Unit filename="/home/gros/studia/eaiib_3b/kompilatory/go_parser/src/variables/FloatVar.cpp">
			<Option target="go_parser"/>
		</Unit>
		<Unit filename="/home/gros/studia/eaiib_3b/kompilatory/go_parser/src/variables/FloatVar.h">
			<Option target="go_parser"/>
		</Unit>
		<Unit filename="/home/gros/studia/eaiib_3b/kompilatory/go_parser/src/variables/IntegerVar.cpp">
			<Option target="go_parser"/>
		</Unit>
		<Unit filename="/home/gros/studia/eaiib_3b/kompilatory/go_parser/src/variables/IntegerVar.h">
			<Option target="go_parser"/>
		</Unit>
		<Unit filename="/home/gros/studia/eaiib_3b/kompilatory/go_parser/src/variables/PointerVar.cpp">
			<Option target="go_parser"/>
		</Unit>
		<Unit filename="/home/gros/studia/eaiib_3b/kompilatory/go_parser/src/variables/PointerVar.h">
			<Option target="go_parser"/>
		</Unit>
		<Unit filename="/home/gros/studia/eaiib_3b/kompilatory/go_parser/src/variables/VarFactory.cpp">
			<Option target="go_parser"/>
		</Unit>
		<Unit filename="/home/gros/studia/eaiib_3b/kompilatory/go_parser/src/variables/VarFactory.h">
			<Option target="go_parser"/>
		</Unit>
		<Unit filename="/home/gros/studia/eaiib_3b/kompilatory/go_parser/src/variables/VoidVar.cpp">
			<Option target="go_parser"/>
		</Unit>
		<Unit filename="/home/gros/studia/eaiib_3b/kompilatory/go_parser/src/variables/VoidVar.h">
			<Option target="go_parser"/>
		</Unit>
		<Unit filename="/home/gros/studia/eaiib_3b/kompilatory/go_parser/src/visitors/Go2LLVMMyVisitor.cpp">
			<Option target="go_parser"/>
		</Unit>
		<Unit filename="/home/gros/studia/eaiib_3b/kompilatory/go_parser/src/visitors/Go2LLVMMyVisitor.h">
			<Option target="go_parser"/>
		</Unit>
		<Unit filename="/home/gros/studia/eaiib_3b/kompilatory/go_parser/src/visitors/VisitorDeclaration.cpp">
			<Option target="go_parser"/>
		</Unit>
		<Unit filename="/home/gros/studia/eaiib_3b/kompilatory/go_parser/src/visitors/VisitorExpression.cpp">
			<Option target="go_parser"/>
		</Unit>
		<Unit filename="/home/gros/studia/eaiib_3b/kompilatory/go_parser/src/visitors/VisitorFunction.cpp">
			<Option target="go_parser"/>
		</Unit>
		<Unit filename="/home/gros/studia/eaiib_3b/kompilatory/go_parser/src/visitors/VisitorOperand.cpp">
			<Option target="go_parser"/>
		</Unit>
		<Unit filename="/home/gros/studia/eaiib_3b/kompilatory/go_parser/src/visitors/VisitorStatement.cpp">
			<Option target="go_parser"/>
		</Unit>
		<Unit filename="/home/gros/studia/eaiib_3b/kompilatory/go_parser/src/visitors/VisitorTopLevel.cpp">
			<Option target="go_parser"/>
		</Unit>
		<Unit filename="/home/gros/studia/eaiib_3b/kompilatory/go_parser/testing/testing.cpp">
			<Option target="testing"/>
		</Unit>
		<Unit filename="/home/gros/studia/eaiib_3b/kompilatory/go_parser/CMakeLists.txt">
			<Option virtualFolder="CMake Files\"/>
		</Unit>
		<Unit filename="/home/gros/studia/eaiib_3b/kompilatory/go_parser/../../../../../../usr/lib/llvm-6.0/cmake/LLVMConfigVersion.cmake">
			<Option virtualFolder="CMake Files\..\..\..\..\..\..\usr\lib\llvm-6.0\cmake\"/>
		</Unit>
		<Unit filename="/home/gros/studia/eaiib_3b/kompilatory/go_parser/../../../../../../usr/lib/llvm-6.0/cmake/LLVMConfig.cmake">
			<Option virtualFolder="CMake Files\..\..\..\..\..\..\usr\lib\llvm-6.0\cmake\"/>
		</Unit>
		<Unit filename="/home/gros/studia/eaiib_3b/kompilatory/go_parser/../../../../../../usr/lib/llvm-6.0/lib/cmake/llvm/LLVMExports.cmake">
			<Option virtualFolder="CMake Files\..\..\..\..\..\..\usr\lib\llvm-6.0\lib\cmake\llvm\"/>
		</Unit>
		<Unit filename="/home/gros/studia/eaiib_3b/kompilatory/go_parser/../../../../../../usr/lib/llvm-6.0/lib/cmake/llvm/LLVMExports-relwithdebinfo.cmake">
			<Option virtualFolder="CMake Files\..\..\..\..\..\..\usr\lib\llvm-6.0\lib\cmake\llvm\"/>
		</Unit>
		<Unit filename="/home/gros/studia/eaiib_3b/kompilatory/go_parser/../../../../../../usr/lib/llvm-6.0/lib/cmake/llvm/LLVM-Config.cmake">
			<Option virtualFolder="CMake Files\..\..\..\..\..\..\usr\lib\llvm-6.0\lib\cmake\llvm\"/>
		</Unit>
	</Project>
</CodeBlocks_project_file>
